// !$*UTF8*$!
{
	archiveVersion = 1;
	classes = {
	};
	objectVersion = 46;
	objects = {

/* Begin PBXBuildFile section */
		70404E1D1D2861AA00CB713E /* AppDelegate.swift in Sources */ = {isa = PBXBuildFile; fileRef = 70404E1C1D2861AA00CB713E /* AppDelegate.swift */; };
		70404E1F1D2861AA00CB713E /* GameScene.sks in Resources */ = {isa = PBXBuildFile; fileRef = 70404E1E1D2861AA00CB713E /* GameScene.sks */; };
		70404E211D2861AA00CB713E /* GameScene.swift in Sources */ = {isa = PBXBuildFile; fileRef = 70404E201D2861AA00CB713E /* GameScene.swift */; };
		70404E231D2861AA00CB713E /* GameViewController.swift in Sources */ = {isa = PBXBuildFile; fileRef = 70404E221D2861AA00CB713E /* GameViewController.swift */; };
		70404E261D2861AA00CB713E /* Main.storyboard in Resources */ = {isa = PBXBuildFile; fileRef = 70404E241D2861AA00CB713E /* Main.storyboard */; };
		70404E281D2861AA00CB713E /* Assets.xcassets in Resources */ = {isa = PBXBuildFile; fileRef = 70404E271D2861AA00CB713E /* Assets.xcassets */; };
		70404E2B1D2861AA00CB713E /* LaunchScreen.storyboard in Resources */ = {isa = PBXBuildFile; fileRef = 70404E291D2861AA00CB713E /* LaunchScreen.storyboard */; };
		70404E381D2862D500CB713E /* coin.wav in Resources */ = {isa = PBXBuildFile; fileRef = 70404E331D2862D500CB713E /* coin.wav */; };
		70404E391D2862D500CB713E /* explosion.wav in Resources */ = {isa = PBXBuildFile; fileRef = 70404E341D2862D500CB713E /* explosion.wav */; };
		70404E3A1D2862D500CB713E /* music.m4a in Resources */ = {isa = PBXBuildFile; fileRef = 70404E351D2862D500CB713E /* music.m4a */; };
		70404E3B1D2862D500CB713E /* PlayerExplosion.sks in Resources */ = {isa = PBXBuildFile; fileRef = 70404E361D2862D500CB713E /* PlayerExplosion.sks */; };
		70404E3C1D2862D500CB713E /* spark.png in Resources */ = {isa = PBXBuildFile; fileRef = 70404E371D2862D500CB713E /* spark.png */; };
/* End PBXBuildFile section */

/* Begin PBXFileReference section */
		70404E191D2861AA00CB713E /* Project36.app */ = {isa = PBXFileReference; explicitFileType = wrapper.application; includeInIndex = 0; path = Project36.app; sourceTree = BUILT_PRODUCTS_DIR; };
		70404E1C1D2861AA00CB713E /* AppDelegate.swift */ = {isa = PBXFileReference; lastKnownFileType = sourcecode.swift; path = AppDelegate.swift; sourceTree = "<group>"; };
		70404E1E1D2861AA00CB713E /* GameScene.sks */ = {isa = PBXFileReference; lastKnownFileType = file.sks; path = GameScene.sks; sourceTree = "<group>"; };
		70404E201D2861AA00CB713E /* GameScene.swift */ = {isa = PBXFileReference; lastKnownFileType = sourcecode.swift; path = GameScene.swift; sourceTree = "<group>"; };
		70404E221D2861AA00CB713E /* GameViewController.swift */ = {isa = PBXFileReference; lastKnownFileType = sourcecode.swift; path = GameViewController.swift; sourceTree = "<group>"; };
		70404E251D2861AA00CB713E /* Base */ = {isa = PBXFileReference; lastKnownFileType = file.storyboard; name = Base; path = Base.lproj/Main.storyboard; sourceTree = "<group>"; };
		70404E271D2861AA00CB713E /* Assets.xcassets */ = {isa = PBXFileReference; lastKnownFileType = folder.assetcatalog; path = Assets.xcassets; sourceTree = "<group>"; };
		70404E2A1D2861AA00CB713E /* Base */ = {isa = PBXFileReference; lastKnownFileType = file.storyboard; name = Base; path = Base.lproj/LaunchScreen.storyboard; sourceTree = "<group>"; };
		70404E2C1D2861AA00CB713E /* Info.plist */ = {isa = PBXFileReference; lastKnownFileType = text.plist.xml; path = Info.plist; sourceTree = "<group>"; };
		70404E331D2862D500CB713E /* coin.wav */ = {isa = PBXFileReference; lastKnownFileType = audio.wav; path = coin.wav; sourceTree = "<group>"; };
		70404E341D2862D500CB713E /* explosion.wav */ = {isa = PBXFileReference; lastKnownFileType = audio.wav; path = explosion.wav; sourceTree = "<group>"; };
		70404E351D2862D500CB713E /* music.m4a */ = {isa = PBXFileReference; lastKnownFileType = file; path = music.m4a; sourceTree = "<group>"; };
		70404E361D2862D500CB713E /* PlayerExplosion.sks */ = {isa = PBXFileReference; lastKnownFileType = file.sks; path = PlayerExplosion.sks; sourceTree = "<group>"; };
		70404E371D2862D500CB713E /* spark.png */ = {isa = PBXFileReference; lastKnownFileType = image.png; path = spark.png; sourceTree = "<group>"; };
/* End PBXFileReference section */

/* Begin PBXFrameworksBuildPhase section */
		70404E161D2861AA00CB713E /* Frameworks */ = {
			isa = PBXFrameworksBuildPhase;
			buildActionMask = 2147483647;
			files = (
			);
			runOnlyForDeploymentPostprocessing = 0;
		};
/* End PBXFrameworksBuildPhase section */

/* Begin PBXGroup section */
		70404E101D2861AA00CB713E = {
			isa = PBXGroup;
			children = (
				70404E1B1D2861AA00CB713E /* Project36 */,
				70404E1A1D2861AA00CB713E /* Products */,
			);
			sourceTree = "<group>";
		};
		70404E1A1D2861AA00CB713E /* Products */ = {
			isa = PBXGroup;
			children = (
				70404E191D2861AA00CB713E /* Project36.app */,
			);
			name = Products;
			sourceTree = "<group>";
		};
		70404E1B1D2861AA00CB713E /* Project36 */ = {
			isa = PBXGroup;
			children = (
				70404E321D28629200CB713E /* Content */,
				70404E1C1D2861AA00CB713E /* AppDelegate.swift */,
				70404E1E1D2861AA00CB713E /* GameScene.sks */,
				70404E201D2861AA00CB713E /* GameScene.swift */,
				70404E221D2861AA00CB713E /* GameViewController.swift */,
				70404E241D2861AA00CB713E /* Main.storyboard */,
				70404E271D2861AA00CB713E /* Assets.xcassets */,
				70404E291D2861AA00CB713E /* LaunchScreen.storyboard */,
				70404E2C1D2861AA00CB713E /* Info.plist */,
			);
			path = Project36;
			sourceTree = "<group>";
		};
		70404E321D28629200CB713E /* Content */ = {
			isa = PBXGroup;
			children = (
				70404E331D2862D500CB713E /* coin.wav */,
				70404E341D2862D500CB713E /* explosion.wav */,
				70404E351D2862D500CB713E /* music.m4a */,
				70404E361D2862D500CB713E /* PlayerExplosion.sks */,
				70404E371D2862D500CB713E /* spark.png */,
			);
			name = Content;
			sourceTree = "<group>";
		};
/* End PBXGroup section */

/* Begin PBXNativeTarget section */
		70404E181D2861AA00CB713E /* Project36 */ = {
			isa = PBXNativeTarget;
			buildConfigurationList = 70404E2F1D2861AA00CB713E /* Build configuration list for PBXNativeTarget "Project36" */;
			buildPhases = (
				70404E151D2861AA00CB713E /* Sources */,
				70404E161D2861AA00CB713E /* Frameworks */,
				70404E171D2861AA00CB713E /* Resources */,
			);
			buildRules = (
			);
			dependencies = (
			);
			name = Project36;
			productName = Project36;
			productReference = 70404E191D2861AA00CB713E /* Project36.app */;
			productType = "com.apple.product-type.application";
		};
/* End PBXNativeTarget section */

/* Begin PBXProject section */
		70404E111D2861AA00CB713E /* Project object */ = {
			isa = PBXProject;
			attributes = {
				LastSwiftUpdateCheck = 0730;
				LastUpgradeCheck = 0730;
				ORGANIZATIONNAME = "Max Peiros";
				TargetAttributes = {
					70404E181D2861AA00CB713E = {
						CreatedOnToolsVersion = 7.3.1;
						DevelopmentTeam = WRD8ABT3AF;
					};
				};
			};
			buildConfigurationList = 70404E141D2861AA00CB713E /* Build configuration list for PBXProject "Project36" */;
			compatibilityVersion = "Xcode 3.2";
			developmentRegion = English;
			hasScannedForEncodings = 0;
			knownRegions = (
				en,
				Base,
			);
			mainGroup = 70404E101D2861AA00CB713E;
			productRefGroup = 70404E1A1D2861AA00CB713E /* Products */;
			projectDirPath = "";
			projectRoot = "";
			targets = (
				70404E181D2861AA00CB713E /* Project36 */,
			);
		};
/* End PBXProject section */

/* Begin PBXResourcesBuildPhase section */
		70404E171D2861AA00CB713E /* Resources */ = {
			isa = PBXResourcesBuildPhase;
			buildActionMask = 2147483647;
			files = (
				70404E3B1D2862D500CB713E /* PlayerExplosion.sks in Resources */,
				70404E3C1D2862D500CB713E /* spark.png in Resources */,
				70404E391D2862D500CB713E /* explosion.wav in Resources */,
				70404E3A1D2862D500CB713E /* music.m4a in Resources */,
				70404E381D2862D500CB713E /* coin.wav in Resources */,
				70404E1F1D2861AA00CB713E /* GameScene.sks in Resources */,
				70404E2B1D2861AA00CB713E /* LaunchScreen.storyboard in Resources */,
				70404E281D2861AA00CB713E /* Assets.xcassets in Resources */,
				70404E261D2861AA00CB713E /* Main.storyboard in Resources */,
			);
			runOnlyForDeploymentPostprocessing = 0;
		};
/* End PBXResourcesBuildPhase section */

/* Begin PBXSourcesBuildPhase section */
		70404E151D2861AA00CB713E /* Sources */ = {
			isa = PBXSourcesBuildPhase;
			buildActionMask = 2147483647;
			files = (
				70404E211D2861AA00CB713E /* GameScene.swift in Sources */,
				70404E231D2861AA00CB713E /* GameViewController.swift in Sources */,
				70404E1D1D2861AA00CB713E /* AppDelegate.swift in Sources */,
			);
			runOnlyForDeploymentPostprocessing = 0;
		};
/* End PBXSourcesBuildPhase section */

/* Begin PBXVariantGroup section */
		70404E241D2861AA00CB713E /* Main.storyboard */ = {
			isa = PBXVariantGroup;
			children = (
				70404E251D2861AA00CB713E /* Base */,
			);
			name = Main.storyboard;
			sourceTree = "<group>";
		};
		70404E291D2861AA00CB713E /* LaunchScreen.storyboard */ = {
			isa = PBXVariantGroup;
			children = (
				70404E2A1D2861AA00CB713E /* Base */,
			);
			name = LaunchScreen.storyboard;
			sourceTree = "<group>";
		};
/* End PBXVariantGroup section */

/* Begin XCBuildConfiguration section */
		70404E2D1D2861AA00CB713E /* Debug */ = {
			isa = XCBuildConfiguration;
			buildSettings = {
				ALWAYS_SEARCH_USER_PATHS = NO;
				CLANG_ANALYZER_NONNULL = YES;
				CLANG_CXX_LANGUAGE_STANDARD = "gnu++0x";
				CLANG_CXX_LIBRARY = "libc++";
				CLANG_ENABLE_MODULES = YES;
				CLANG_ENABLE_OBJC_ARC = YES;
				CLANG_WARN_BOOL_CONVERSION = YES;
				CLANG_WARN_CONSTANT_CONVERSION = YES;
				CLANG_WARN_DIRECT_OBJC_ISA_USAGE = YES_ERROR;
				CLANG_WARN_EMPTY_BODY = YES;
				CLANG_WARN_ENUM_CONVERSION = YES;
				CLANG_WARN_INT_CONVERSION = YES;
				CLANG_WARN_OBJC_ROOT_CLASS = YES_ERROR;
				CLANG_WARN_UNREACHABLE_CODE = YES;
				CLANG_WARN__DUPLICATE_METHOD_MATCH = YES;
				"CODE_SIGN_IDENTITY[sdk=iphoneos*]" = "iPhone Developer";
				COPY_PHASE_STRIP = NO;
				DEBUG_INFORMATION_FORMAT = "dwarf-with-dsym";
				ENABLE_STRICT_OBJC_MSGSEND = YES;
				ENABLE_TESTABILITY = YES;
				GCC_C_LANGUAGE_STANDARD = gnu99;
				GCC_DYNAMIC_NO_PIC = NO;
				GCC_NO_COMMON_BLOCKS = YES;
				GCC_OPTIMIZATION_LEVEL = 0;
				GCC_PREPROCESSOR_DEFINITIONS = (
					"DEBUG=1",
					"$(inherited)",
				);
				GCC_WARN_64_TO_32_BIT_CONVERSION = YES;
				GCC_WARN_ABOUT_RETURN_TYPE = YES_ERROR;
				GCC_WARN_UNDECLARED_SELECTOR = YES;
				GCC_WARN_UNINITIALIZED_AUTOS = YES_AGGRESSIVE;
				GCC_WARN_UNUSED_FUNCTION = YES;
				GCC_WARN_UNUSED_VARIABLE = YES;
				IPHONEOS_DEPLOYMENT_TARGET = 9.3;
				MTL_ENABLE_DEBUG_INFO = YES;
				ONLY_ACTIVE_ARCH = YES;
				SDKROOT = iphoneos;
				SWIFT_OPTIMIZATION_LEVEL = "-Onone";
			};
			name = Debug;
		};
		70404E2E1D2861AA00CB713E /* Release */ = {
			isa = XCBuildConfiguration;
			buildSettings = {
				ALWAYS_SEARCH_USER_PATHS = NO;
				CLANG_ANALYZER_NONNULL = YES;
				CLANG_CXX_LANGUAGE_STANDARD = "gnu++0x";
				CLANG_CXX_LIBRARY = "libc++";
				CLANG_ENABLE_MODULES = YES;
				CLANG_ENABLE_OBJC_ARC = YES;
				CLANG_WARN_BOOL_CONVERSION = YES;
				CLANG_WARN_CONSTANT_CONVERSION = YES;
				CLANG_WARN_DIRECT_OBJC_ISA_USAGE = YES_ERROR;
				CLANG_WARN_EMPTY_BODY = YES;
				CLANG_WARN_ENUM_CONVERSION = YES;
				CLANG_WARN_INT_CONVERSION = YES;
				CLANG_WARN_OBJC_ROOT_CLASS = YES_ERROR;
				CLANG_WARN_UNREACHABLE_CODE = YES;
				CLANG_WARN__DUPLICATE_METHOD_MATCH = YES;
				"CODE_SIGN_IDENTITY[sdk=iphoneos*]" = "iPhone Developer";
				COPY_PHASE_STRIP = NO;
				DEBUG_INFORMATION_FORMAT = "dwarf-with-dsym";
				ENABLE_NS_ASSERTIONS = NO;
				ENABLE_STRICT_OBJC_MSGSEND = YES;
				GCC_C_LANGUAGE_STANDARD = gnu99;
				GCC_NO_COMMON_BLOCKS = YES;
				GCC_WARN_64_TO_32_BIT_CONVERSION = YES;
				GCC_WARN_ABOUT_RETURN_TYPE = YES_ERROR;
				GCC_WARN_UNDECLARED_SELECTOR = YES;
				GCC_WARN_UNINITIALIZED_AUTOS = YES_AGGRESSIVE;
				GCC_WARN_UNUSED_FUNCTION = YES;
				GCC_WARN_UNUSED_VARIABLE = YES;
				IPHONEOS_DEPLOYMENT_TARGET = 9.3;
				MTL_ENABLE_DEBUG_INFO = NO;
				SDKROOT = iphoneos;
				VALIDATE_PRODUCT = YES;
			};
			name = Release;
		};
		70404E301D2861AA00CB713E /* Debug */ = {
			isa = XCBuildConfiguration;
			buildSettings = {
				ASSETCATALOG_COMPILER_APPICON_NAME = AppIcon;
				CODE_SIGN_IDENTITY = "iPhone Developer";
				INFOPLIST_FILE = Project36/Info.plist;
				LD_RUNPATH_SEARCH_PATHS = "$(inherited) @executable_path/Frameworks";
				PRODUCT_BUNDLE_IDENTIFIER = com.maxpeiros.Project36;
				PRODUCT_NAME = "$(TARGET_NAME)";
			};
			name = Debug;
		};
		70404E311D2861AA00CB713E /* Release */ = {
			isa = XCBuildConfiguration;
			buildSettings = {
				ASSETCATALOG_COMPILER_APPICON_NAME = AppIcon;
				CODE_SIGN_IDENTITY = "iPhone Developer";
				INFOPLIST_FILE = Project36/Info.plist;
				LD_RUNPATH_SEARCH_PATHS = "$(inherited) @executable_path/Frameworks";
				PRODUCT_BUNDLE_IDENTIFIER = com.maxpeiros.Project36;
				PRODUCT_NAME = "$(TARGET_NAME)";
			};
			name = Release;
		};
/* End XCBuildConfiguration section */

/* Begin XCConfigurationList section */
		70404E141D2861AA00CB713E /* Build configuration list for PBXProject "Project36" */ = {
			isa = XCConfigurationList;
			buildConfigurations = (
				70404E2D1D2861AA00CB713E /* Debug */,
				70404E2E1D2861AA00CB713E /* Release */,
			);
			defaultConfigurationIsVisible = 0;
			defaultConfigurationName = Release;
		};
		70404E2F1D2861AA00CB713E /* Build configuration list for PBXNativeTarget "Project36" */ = {
			isa = XCConfigurationList;
			buildConfigurations = (
				70404E301D2861AA00CB713E /* Debug */,
				70404E311D2861AA00CB713E /* Release */,
			);
			defaultConfigurationIsVisible = 0;
			defaultConfigurationName = Release;
		};
/* End XCConfigurationList section */
	};
	rootObject = 70404E111D2861AA00CB713E /* Project object */;
}
